# This file is generated by running "yarn install" inside your project.
# Manual changes might be lost - proceed with caution!

__metadata:
  version: 4
  cacheKey: 7

"@types/js-yaml@npm:^4.0.1":
  version: 4.0.1
  resolution: "@types/js-yaml@npm:4.0.1"
  checksum: fd8985289c713e3b2a494d6c243139c94bdda856af60346cf0c0da25bd6289e0165d367e623202b8cdfab7cef73a424a183282063beb0c0823d152dbec6d4959
  languageName: node
  linkType: hard

"@types/lodash.defaultsdeep@npm:^4.6.6":
  version: 4.6.6
  resolution: "@types/lodash.defaultsdeep@npm:4.6.6"
  dependencies:
    "@types/lodash": "*"
  checksum: 058f06c96acfd9c7bda6cb3ef0ee12bbaccaace3fcd24e0d179ee454a8d87a558487588c3c80d1e3a9263c3e5b403a1334e1004a1ce2adbeb867e45ea02e8dea
  languageName: node
  linkType: hard

"@types/lodash@npm:*":
  version: 4.14.168
  resolution: "@types/lodash@npm:4.14.168"
  checksum: 9a4e25f89fc035b9f0388f1f7be85e5eff49f9e6db0d93432c9a89fce0916f8a89db4e8290415f7ea02de6b00d3573826378dcb655b7b2d20530a6e8d6dd6fd0
  languageName: node
  linkType: hard

"@types/node@npm:^14.14.41":
  version: 14.14.41
  resolution: "@types/node@npm:14.14.41"
  checksum: 37dfb639644c8ee9b9846106834983f590d494b855e74645a4f169ea24199f7559366d25f6e72e83ba940b59eb6370e002bd53963d098d6d9fdf935a37011417
  languageName: node
  linkType: hard

"argparse@npm:^2.0.1":
  version: 2.0.1
  resolution: "argparse@npm:2.0.1"
  checksum: 160b7a25d2a7097fd5fdf25eb8a99e037340078f70e6c7cfdef305837ed14d54570b2b13261bcae26c8cd44ad6e9a7136a0110d815ac65a7891c69c7bf2f4afd
  languageName: node
  linkType: hard

"at-least-node@npm:^1.0.0":
  version: 1.0.0
  resolution: "at-least-node@npm:1.0.0"
  checksum: 8f33efc16287ed39766065c718a2d36a469f702c66c6eb41fa460c0c62bca395301a6a02946e315ae4a84c9cc7f44c94ec73a556bc2a1049350da98d0b013afe
  languageName: node
  linkType: hard

"balanced-match@npm:^1.0.0":
  version: 1.0.2
  resolution: "balanced-match@npm:1.0.2"
  checksum: 690643f3009a04289ac401079de5a780aae452f7625fb2884051cc847b231e6521ee15dd6430b066d3cf4bd8bb00bb7ff55b7d134f34b8f0b8c043806796f94e
  languageName: node
  linkType: hard

"brace-expansion@npm:^1.1.7":
  version: 1.1.11
  resolution: "brace-expansion@npm:1.1.11"
  dependencies:
    balanced-match: ^1.0.0
    concat-map: 0.0.1
  checksum: 4c878e25e4858baf801945dfd63eb68feab2e502cf1122f25f3915c0e3bf397af3a93ff6bef0798db41c0d81ef28c08e55daac38058710f749a3b96eee6b8f40
  languageName: node
  linkType: hard

"colors@npm:^1.4.0":
  version: 1.4.0
  resolution: "colors@npm:1.4.0"
  checksum: a0f266ac041a9774d92cc9624a984707678d2eeec125d54e8d8231075ce36c24c5352fb5d0f90c6ee420d0f63e354417cec716386ad341309334aad18e32b933
  languageName: node
  linkType: hard

"concat-map@npm:0.0.1":
  version: 0.0.1
  resolution: "concat-map@npm:0.0.1"
  checksum: 554e28d9ee5aa6e061795473ee092cb3d3a2cbdb76c35416e0bb6e03f136d7d07676da387b2ed0ec4106cedbb6534080d9abc48ecc4a92b76406cf2d0c3c0c4b
  languageName: node
  linkType: hard

"fs-extra@npm:^9.1.0":
  version: 9.1.0
  resolution: "fs-extra@npm:9.1.0"
  dependencies:
    at-least-node: ^1.0.0
    graceful-fs: ^4.2.0
    jsonfile: ^6.0.1
    universalify: ^2.0.0
  checksum: e667d8df54113b527bf5830dd9db8f142618db488894b329fe07724c7020dfacf8a372b144a74e683ae44e66f56117adca9cac165950dda7d83537c46c10dc4b
  languageName: node
  linkType: hard

"fs.realpath@npm:^1.0.0":
  version: 1.0.0
  resolution: "fs.realpath@npm:1.0.0"
  checksum: 698a91b1695e3926185c9e5b0dd57cf687dceb4eb73799af91e6b2ab741735e2962c366c5af6403ffddae2619914193bd339efa706fdc984d0ffc74b7a3603f4
  languageName: node
  linkType: hard

"function-bind@npm:^1.1.1":
  version: 1.1.1
  resolution: "function-bind@npm:1.1.1"
  checksum: ffad86e7d2010ba179aaa6a3987d2cc0ed48fa92d27f1ed84bfa06d14f77deeed5bfbae7f00bdebc0c54218392cab2b18ecc080e2c72f592431927b87a27d42b
  languageName: node
  linkType: hard

"glob@npm:^7.0.0":
  version: 7.1.6
  resolution: "glob@npm:7.1.6"
  dependencies:
    fs.realpath: ^1.0.0
    inflight: ^1.0.4
    inherits: 2
    minimatch: ^3.0.4
    once: ^1.3.0
    path-is-absolute: ^1.0.0
  checksum: 789977b52432865bd63846da5c75a6efc2c56abdc0cb5ffcdb8e91eeb67a58fa5594c1195d18b2b4aff99675b0739ed6bd61024b26562e0cca18c8f993efdc82
  languageName: node
  linkType: hard

"graceful-fs@npm:^4.1.6, graceful-fs@npm:^4.2.0":
  version: 4.2.6
  resolution: "graceful-fs@npm:4.2.6"
  checksum: 84d39c7756892553da990a9db7e45f844b3309b37b5a00174cbb4748476f2250c54f24594d4d252f64f085c65c2fdac7c809419bf6d55f0e6e42eb07ac0f5bf2
  languageName: node
  linkType: hard

"handlebars@npm:^4.7.7":
  version: 4.7.7
  resolution: "handlebars@npm:4.7.7"
  dependencies:
    minimist: ^1.2.5
    neo-async: ^2.6.0
    source-map: ^0.6.1
    uglify-js: ^3.1.4
    wordwrap: ^1.0.0
  dependenciesMeta:
    uglify-js:
      optional: true
  bin:
    handlebars: bin/handlebars
  checksum: 2df9a6b422e2ccc0b7ca53f7a1f9915b47d19bf3fd372824a87e2a28b7952fa2cb3348cbe33a87ef49ee04f42d10359aab44819ca8d680ee3a5b53d48bd062a1
  languageName: node
  linkType: hard

"has@npm:^1.0.3":
  version: 1.0.3
  resolution: "has@npm:1.0.3"
  dependencies:
    function-bind: ^1.1.1
  checksum: c686e15300d41364486c099a9259d9c418022c294244843dcd712c4c286ff839d4f23a25413baa28c4d2c1e828afc2aaab70f685400b391533980223c71fa1ca
  languageName: node
  linkType: hard

"inflight@npm:^1.0.4":
  version: 1.0.6
  resolution: "inflight@npm:1.0.6"
  dependencies:
    once: ^1.3.0
    wrappy: 1
  checksum: 17c53fc42cbe7f7f471d2bc41b97a0cde4b79a74d5ff59997d3f75210566fa278e17596da526d43de2bd07e222706240ce50e60097e54f2cde2e64cbbb372638
  languageName: node
  linkType: hard

"inherits@npm:2":
  version: 2.0.4
  resolution: "inherits@npm:2.0.4"
  checksum: 98426da247ddfc3dcd7d7daedd90c3ca32d5b08deca08949726f12d49232aef94772a07b36cf4ff833e105ae2ef931777f6de4a6dd8245a216b9299ad4a50bea
  languageName: node
  linkType: hard

"interpret@npm:^1.0.0":
  version: 1.4.0
  resolution: "interpret@npm:1.4.0"
  checksum: f15725d76206525546f559030ddc967db025c6db904eb8798a70ec3c07e42c5537c5cbc73a15eafd4ae5cdabad35601abf8878261c03dcc8217747e8037575fe
  languageName: node
  linkType: hard

"is-core-module@npm:^2.2.0":
  version: 2.3.0
  resolution: "is-core-module@npm:2.3.0"
  dependencies:
    has: ^1.0.3
  checksum: d2268331320c70c9b42850de7d224c610cf77604771922614e82536668bde99420f387dae092b66ff8d15980710b1dbd8ce67e6a3168f86b93f654f624d70957
  languageName: node
  linkType: hard

"js-yaml@npm:^4.1.0":
  version: 4.1.0
  resolution: "js-yaml@npm:4.1.0"
  dependencies:
    argparse: ^2.0.1
  bin:
    js-yaml: bin/js-yaml.js
  checksum: 8973cf4296c944cc2551d1e3d3d064e7de0d0a6db3f7bafe40339ee9e5e0329560b52c4b8492b9b22365404c9be0822b62340ab49884e1dedfcc7ff80158abe0
  languageName: node
  linkType: hard

"jsonfile@npm:^6.0.1":
  version: 6.1.0
  resolution: "jsonfile@npm:6.1.0"
  dependencies:
    graceful-fs: ^4.1.6
    universalify: ^2.0.0
  dependenciesMeta:
    graceful-fs:
      optional: true
  checksum: 9419c886abc6f8a5088cbb222b7bc17c76e8ee9f6c0e5c38781a4e09488166084f25247bc0b58e025b08c43064c82ae860ad89a992e35fc8cfae639323b7edbc
  languageName: node
  linkType: hard

"kanaphig@workspace:.":
  version: 0.0.0-use.local
  resolution: "kanaphig@workspace:."
  dependencies:
    "@types/js-yaml": ^4.0.1
    "@types/lodash.defaultsdeep": ^4.6.6
    "@types/node": ^14.14.41
    js-yaml: ^4.1.0
    lodash.defaultsdeep: ^4.6.1
    typedoc: ^0.20.36
    typescript: ^4.3.2
  languageName: unknown
  linkType: soft

"lodash.defaultsdeep@npm:^4.6.1":
  version: 4.6.1
  resolution: "lodash.defaultsdeep@npm:4.6.1"
  checksum: 143c2bfa5ee476efa38c05ae2cc4245d53d9ff988ac7667d1b7aa4a069cf5015475530d649d95ef325e4a47fa1d4d8f135d3ef14ad07c63e8847aeeec46f1ca9
  languageName: node
  linkType: hard

"lodash@npm:^4.17.21":
  version: 4.17.21
  resolution: "lodash@npm:4.17.21"
  checksum: 4983720b9abca930a4a46f18db163d7dad8dd00dbed6db0cc7b499b33b717cce69f80928b27bbb1ff2cbd3b19d251ee90669a8b5ea466072ca81c2ebe91e7468
  languageName: node
  linkType: hard

"lru-cache@npm:^5.1.1":
  version: 5.1.1
  resolution: "lru-cache@npm:5.1.1"
  dependencies:
    yallist: ^3.0.2
  checksum: ffd9a280fa3400e731265db502270c2a65432f3fbfac23d480c72f675ec16dbbeddd57d4baf7aca70ab7af49949fad1bcaaf5a5e6e1cfed7316de71bb5dddf1c
  languageName: node
  linkType: hard

"lunr@npm:^2.3.9":
  version: 2.3.9
  resolution: "lunr@npm:2.3.9"
  checksum: a2b66320c2f6632322b91c43621eed9e623c0f1b81e7c2d74c238884a02229698baa4478bd238e9b32d7abf0db5ae9233b311c28e1edbcc481774e1ce83bec6f
  languageName: node
  linkType: hard

"marked@npm:^2.0.3":
  version: 2.0.3
  resolution: "marked@npm:2.0.3"
  bin:
    marked: bin/marked
  checksum: 18940065203f4eacf84538d57478cdab170ca024c01e8cb992871f48fedb8a534bb69a908edd5b2c4d0468fb751ed4da52996cda5a45f063e71e433bbb7f04f7
  languageName: node
  linkType: hard

"minimatch@npm:^3.0.0, minimatch@npm:^3.0.4":
  version: 3.0.4
  resolution: "minimatch@npm:3.0.4"
  dependencies:
    brace-expansion: ^1.1.7
  checksum: 47eab9263962cacd5733e274ecad2d8e54b0f8e124ba35ae69189e296058f634a4967b87a98954f86fa5c830ff177caf827ce0136d28717ed3232951fb4fae62
  languageName: node
  linkType: hard

"minimist@npm:^1.2.5":
  version: 1.2.5
  resolution: "minimist@npm:1.2.5"
  checksum: b77b8590147a4e217ff34266236bc39de23b52e6e33054076991ff674c7397a1380a7bde11111916f16f003a94aaa7e4f3d92595a32189644ff607fabc65a5b6
  languageName: node
  linkType: hard

"neo-async@npm:^2.6.0":
  version: 2.6.2
  resolution: "neo-async@npm:2.6.2"
  checksum: 34a8f5309135be258a97082af810ea43700a3e0121e7b1ea31b3e22e2663d7c0d502cd949abb6d1ab8c11abfd04500ee61721ec5408b2d4bef8105241fd8a4c2
  languageName: node
  linkType: hard

"once@npm:^1.3.0":
  version: 1.4.0
  resolution: "once@npm:1.4.0"
  dependencies:
    wrappy: 1
  checksum: 57afc246536cf6494437f982b26475f22bee860f8b77ce8eb1543f42a8bffe04b2c66ddfea9a16cb25ccb80943f8ee4fc639367ef97b7a6a4f2672eb573963f5
  languageName: node
  linkType: hard

"onigasm@npm:^2.2.5":
  version: 2.2.5
  resolution: "onigasm@npm:2.2.5"
  dependencies:
    lru-cache: ^5.1.1
  checksum: 9db74810f55bc0b9718991d36ea445e2095f09743f22d5e76bc37a31e34b9b5204b1224ea2fb30253e810fe57222bf86274d5b38073b1c14534fee4c6da300b4
  languageName: node
  linkType: hard

"path-is-absolute@npm:^1.0.0":
  version: 1.0.1
  resolution: "path-is-absolute@npm:1.0.1"
  checksum: 907e1e3e6ac0aef6e65adffd75b3892191d76a5b94c5cf26b43667c4240531d11872ca6979c209b2e5e1609f7f579d02f64ba9936b48bb59d36cc529f0d965ed
  languageName: node
  linkType: hard

"path-parse@npm:^1.0.6":
  version: 1.0.6
  resolution: "path-parse@npm:1.0.6"
  checksum: 2eee4b93fb3ae13600e3fca18390d9933bbbcf725a624f6b8df020d87515a74872ff6c58072190d6dc75a5584a683dc6ae5c385ad4e4f4efb6e66af040d56c67
  languageName: node
  linkType: hard

"progress@npm:^2.0.3":
  version: 2.0.3
  resolution: "progress@npm:2.0.3"
  checksum: c46ef5a1de4d527dfd32fe56a7df0c1c8b420a4c02617196813bf7f10ac7c2a929afc265d44fdd68f5c439a7e7cb3d70d569716c82d6b4148ec72089860a1312
  languageName: node
  linkType: hard

"rechoir@npm:^0.6.2":
  version: 0.6.2
  resolution: "rechoir@npm:0.6.2"
  dependencies:
    resolve: ^1.1.6
  checksum: 6646a6bce733282d182bf04816b15d4e2d63736b3453cf62a8568aaa1399621a73b3942315161f549e090f9a3c61bc09f4cb674f928c369a40037621e10295bd
  languageName: node
  linkType: hard

resolve@^1.1.6:
  version: 1.20.0
  resolution: "resolve@npm:1.20.0"
  dependencies:
    is-core-module: ^2.2.0
    path-parse: ^1.0.6
  checksum: 0f5206d454b30e74d9b2d575b5f8aedf443c4d8b90b84cdf79474ade29bb459075220da3127b682896872a16022ed65cc4db09e0f23849654144d3d75c65cd1b
  languageName: node
  linkType: hard

"resolve@patch:resolve@^1.1.6#builtin<compat/resolve>":
  version: 1.20.0
  resolution: "resolve@patch:resolve@npm%3A1.20.0#builtin<compat/resolve>::version=1.20.0&hash=3388aa"
  dependencies:
    is-core-module: ^2.2.0
    path-parse: ^1.0.6
  checksum: c4a515b76026806b5b26513fc7bdb80458c532bc91c02ef45ac928d1025585f93bec0b904be39c02131118a37ff7e3f9258f1526850b025d2ec0948bb5fd03d0
  languageName: node
  linkType: hard

"shelljs@npm:^0.8.4":
  version: 0.8.4
  resolution: "shelljs@npm:0.8.4"
  dependencies:
    glob: ^7.0.0
    interpret: ^1.0.0
    rechoir: ^0.6.2
  bin:
    shjs: bin/shjs
  checksum: bdf68e3c2a8a6d191dde3be2800bfcfd688c126344ccaf6cf7024cdaf824d0d3523b8e514cd52264f739cbabd2b0569637dd5a8183377347225af918e03ff5dc
  languageName: node
  linkType: hard

"shiki@npm:^0.9.3":
  version: 0.9.3
  resolution: "shiki@npm:0.9.3"
  dependencies:
    onigasm: ^2.2.5
    vscode-textmate: ^5.2.0
  checksum: fce8084727491c496187abe5b8f831dbecdada11ebcc2861335a31fb7eb3d3ebceaf50aec2f2d855f76af626ddb66dabd860536e334b3cb9feff7e79d61ccde0
  languageName: node
  linkType: hard

"source-map@npm:^0.6.1":
  version: 0.6.1
  resolution: "source-map@npm:0.6.1"
  checksum: 8647829a0611724114022be455ca1c8a2c8ae61df81c5b3667d9b398207226a1e21174fb7bbf0b4dbeb27ac358222afb5a14f1c74a62a62b8883b012e5eb1270
  languageName: node
  linkType: hard

"typedoc-default-themes@npm:^0.12.10":
  version: 0.12.10
  resolution: "typedoc-default-themes@npm:0.12.10"
  checksum: 3a420c405b00122c20018762ce145186219f26651a051216b1d4dafa1b3756a7e47290bf27898d3e2769af3a0da44591e3c93268c2a6503fcf28eb8b0f32980b
  languageName: node
  linkType: hard

"typedoc@npm:^0.20.36":
  version: 0.20.36
  resolution: "typedoc@npm:0.20.36"
  dependencies:
    colors: ^1.4.0
    fs-extra: ^9.1.0
    handlebars: ^4.7.7
    lodash: ^4.17.21
    lunr: ^2.3.9
    marked: ^2.0.3
    minimatch: ^3.0.0
    progress: ^2.0.3
    shelljs: ^0.8.4
    shiki: ^0.9.3
    typedoc-default-themes: ^0.12.10
  peerDependencies:
    typescript: 3.9.x || 4.0.x || 4.1.x || 4.2.x
  bin:
    typedoc: bin/typedoc
  checksum: 362a576deee8225e7f0e2722c91f9de553d8d821f0a7b07ac4bf9b9fa704452f495aba035e7c73af415b7363c88e80689f666e0b2dab3f29bb42eb5f2d7ae93c
  languageName: node
  linkType: hard

typescript@^4.3.2:
  version: 4.3.2
  resolution: "typescript@npm:4.3.2"
  bin:
    tsc: bin/tsc
    tsserver: bin/tsserver
  checksum: 21e1285402e32fd240f6ad3f97b6fea81b90d2591f412677d01b570a8bd93151d1e08460d58f43689fc758671a5baaebb16fa93d3c8260181612c8e619bd24f7
  languageName: node
  linkType: hard

"typescript@patch:typescript@^4.3.2#builtin<compat/typescript>":
  version: 4.3.2
  resolution: "typescript@patch:typescript@npm%3A4.3.2#builtin<compat/typescript>::version=4.3.2&hash=ddfc1b"
  bin:
    tsc: bin/tsc
    tsserver: bin/tsserver
  checksum: 68d48dc86dacfeab59a22414ff061c976c46b679a9717a3a710051ea7bab779fd23f4edb856434da8155e8e8646c90b3912e342cc0010dfd15ed321a42cb0578
  languageName: node
  linkType: hard

"uglify-js@npm:^3.1.4":
  version: 3.13.4
  resolution: "uglify-js@npm:3.13.4"
  bin:
    uglifyjs: bin/uglifyjs
  checksum: ed05c13db1fc5be51c189e96abfcd319be61c9ab2bc6917279bdb3d7900fc0cbe9dc2aafaaed2f9588bbe05a18f9aeb687ea76697e5578fd8820ce528acc5ff4
  languageName: node
  linkType: hard

"universalify@npm:^2.0.0":
  version: 2.0.0
  resolution: "universalify@npm:2.0.0"
  checksum: 36bfbdc97bd4b483596e66ea65e20663f5ab9ec3650157d99b075b7f97afcdefe46bbb23f89171dd75595d398cea3769a5b6d7130f5c66cae2a0f00904780f62
  languageName: node
  linkType: hard

"vscode-textmate@npm:^5.2.0":
  version: 5.4.0
  resolution: "vscode-textmate@npm:5.4.0"
  checksum: 7f1e6f534d478126967cb3230a363dcd2d82374f9e0bd1e9b1f35f540d1bb515eeaa2e20b61c09ec337a245a236ea8fee2beaf5f3590b7d83be1821c2d898c4b
  languageName: node
  linkType: hard

"wordwrap@npm:^1.0.0":
  version: 1.0.0
  resolution: "wordwrap@npm:1.0.0"
  checksum: b4f3f8104a727d1b08e77f43f3692977146f13074392747a3d9cfd631d0fc3ff1c0c034d44fcd7a22183c6505d2fc305421e3512671f8a56f903055671ace4ce
  languageName: node
  linkType: hard

"wrappy@npm:1":
  version: 1.0.2
  resolution: "wrappy@npm:1.0.2"
  checksum: 519fcda0fcdf0c16327be2de9d98646742307bc830277e8868529fcf7566f2b330a6453c233e0cdcb767d5838dd61a90984a02ecc983bcddebea5ad0833bbf98
  languageName: node
  linkType: hard

"yallist@npm:^3.0.2":
  version: 3.1.1
  resolution: "yallist@npm:3.1.1"
  checksum: f352c93b92f601bb0399210bca37272e669c961e9bd886bac545380598765cbfdfb4f166e7b6c57ca4ec8a5af4ab3fa0fd78a47f9a7d655a3d580ff0fc9e7d79
  languageName: node
  linkType: hard
